// !$*UTF8*$!
{
	archiveVersion = 1;
	classes = {
	};
	objectVersion = 46;
	objects = {

/* Begin PBXBuildFile section */
		296F9EBD1ECC64CE0063A255 /* main.m in Sources */ = {isa = PBXBuildFile; fileRef = 296F9EBC1ECC64CE0063A255 /* main.m */; };
		296F9EC01ECC64CE0063A255 /* AppDelegate.m in Sources */ = {isa = PBXBuildFile; fileRef = 296F9EBF1ECC64CE0063A255 /* AppDelegate.m */; };
		296F9EC81ECC64CE0063A255 /* Assets.xcassets in Resources */ = {isa = PBXBuildFile; fileRef = 296F9EC71ECC64CE0063A255 /* Assets.xcassets */; };
		296F9ECB1ECC64CE0063A255 /* LaunchScreen.storyboard in Resources */ = {isa = PBXBuildFile; fileRef = 296F9EC91ECC64CE0063A255 /* LaunchScreen.storyboard */; };
		296F9ED61ECC64CE0063A255 /* MiAiAppTests.m in Sources */ = {isa = PBXBuildFile; fileRef = 296F9ED51ECC64CE0063A255 /* MiAiAppTests.m */; };
		296F9EE11ECC64CE0063A255 /* MiAiAppUITests.m in Sources */ = {isa = PBXBuildFile; fileRef = 296F9EE01ECC64CE0063A255 /* MiAiAppUITests.m */; };
/* End PBXBuildFile section */

/* Begin PBXContainerItemProxy section */
		296F9ED21ECC64CE0063A255 /* PBXContainerItemProxy */ = {
			isa = PBXContainerItemProxy;
			containerPortal = 296F9EB01ECC64CE0063A255 /* Project object */;
			proxyType = 1;
			remoteGlobalIDString = 296F9EB71ECC64CE0063A255;
			remoteInfo = MiAiApp;
		};
		296F9EDD1ECC64CE0063A255 /* PBXContainerItemProxy */ = {
			isa = PBXContainerItemProxy;
			containerPortal = 296F9EB01ECC64CE0063A255 /* Project object */;
			proxyType = 1;
			remoteGlobalIDString = 296F9EB71ECC64CE0063A255;
			remoteInfo = MiAiApp;
		};
/* End PBXContainerItemProxy section */

/* Begin PBXFileReference section */
		296F9EB81ECC64CE0063A255 /* MiAiApp.app */ = {isa = PBXFileReference; explicitFileType = wrapper.application; includeInIndex = 0; path = MiAiApp.app; sourceTree = BUILT_PRODUCTS_DIR; };
		296F9EBC1ECC64CE0063A255 /* main.m */ = {isa = PBXFileReference; lastKnownFileType = sourcecode.c.objc; path = main.m; sourceTree = "<group>"; };
		296F9EBE1ECC64CE0063A255 /* AppDelegate.h */ = {isa = PBXFileReference; lastKnownFileType = sourcecode.c.h; path = AppDelegate.h; sourceTree = "<group>"; };
		296F9EBF1ECC64CE0063A255 /* AppDelegate.m */ = {isa = PBXFileReference; lastKnownFileType = sourcecode.c.objc; path = AppDelegate.m; sourceTree = "<group>"; };
		296F9EC71ECC64CE0063A255 /* Assets.xcassets */ = {isa = PBXFileReference; lastKnownFileType = folder.assetcatalog; path = Assets.xcassets; sourceTree = "<group>"; };
		296F9ECA1ECC64CE0063A255 /* Base */ = {isa = PBXFileReference; lastKnownFileType = file.storyboard; name = Base; path = Base.lproj/LaunchScreen.storyboard; sourceTree = "<group>"; };
		296F9ECC1ECC64CE0063A255 /* Info.plist */ = {isa = PBXFileReference; lastKnownFileType = text.plist.xml; path = Info.plist; sourceTree = "<group>"; };
		296F9ED11ECC64CE0063A255 /* MiAiAppTests.xctest */ = {isa = PBXFileReference; explicitFileType = wrapper.cfbundle; includeInIndex = 0; path = MiAiAppTests.xctest; sourceTree = BUILT_PRODUCTS_DIR; };
		296F9ED51ECC64CE0063A255 /* MiAiAppTests.m */ = {isa = PBXFileReference; lastKnownFileType = sourcecode.c.objc; path = MiAiAppTests.m; sourceTree = "<group>"; };
		296F9ED71ECC64CE0063A255 /* Info.plist */ = {isa = PBXFileReference; lastKnownFileType = text.plist.xml; path = Info.plist; sourceTree = "<group>"; };
		296F9EDC1ECC64CE0063A255 /* MiAiAppUITests.xctest */ = {isa = PBXFileReference; explicitFileType = wrapper.cfbundle; includeInIndex = 0; path = MiAiAppUITests.xctest; sourceTree = BUILT_PRODUCTS_DIR; };
		296F9EE01ECC64CE0063A255 /* MiAiAppUITests.m */ = {isa = PBXFileReference; lastKnownFileType = sourcecode.c.objc; path = MiAiAppUITests.m; sourceTree = "<group>"; };
		296F9EE21ECC64CE0063A255 /* Info.plist */ = {isa = PBXFileReference; lastKnownFileType = text.plist.xml; path = Info.plist; sourceTree = "<group>"; };
/* End PBXFileReference section */

/* Begin PBXFrameworksBuildPhase section */
		296F9EB51ECC64CE0063A255 /* Frameworks */ = {
			isa = PBXFrameworksBuildPhase;
			buildActionMask = 2147483647;
			files = (
			);
			runOnlyForDeploymentPostprocessing = 0;
		};
		296F9ECE1ECC64CE0063A255 /* Frameworks */ = {
			isa = PBXFrameworksBuildPhase;
			buildActionMask = 2147483647;
			files = (
			);
			runOnlyForDeploymentPostprocessing = 0;
		};
		296F9ED91ECC64CE0063A255 /* Frameworks */ = {
			isa = PBXFrameworksBuildPhase;
			buildActionMask = 2147483647;
			files = (
			);
			runOnlyForDeploymentPostprocessing = 0;
		};
/* End PBXFrameworksBuildPhase section */

/* Begin PBXGroup section */
		296F9EAF1ECC64CE0063A255 = {
			isa = PBXGroup;
			children = (
				296F9EBA1ECC64CE0063A255 /* MiAiApp */,
				296F9ED41ECC64CE0063A255 /* MiAiAppTests */,
				296F9EDF1ECC64CE0063A255 /* MiAiAppUITests */,
				296F9EB91ECC64CE0063A255 /* Products */,
			);
			sourceTree = "<group>";
		};
		296F9EB91ECC64CE0063A255 /* Products */ = {
			isa = PBXGroup;
			children = (
				296F9EB81ECC64CE0063A255 /* MiAiApp.app */,
				296F9ED11ECC64CE0063A255 /* MiAiAppTests.xctest */,
				296F9EDC1ECC64CE0063A255 /* MiAiAppUITests.xctest */,
			);
			name = Products;
			sourceTree = "<group>";
		};
		296F9EBA1ECC64CE0063A255 /* MiAiApp */ = {
			isa = PBXGroup;
			children = (
				296F9EBE1ECC64CE0063A255 /* AppDelegate.h */,
				296F9EBF1ECC64CE0063A255 /* AppDelegate.m */,
				296F9EC71ECC64CE0063A255 /* Assets.xcassets */,
				296F9EC91ECC64CE0063A255 /* LaunchScreen.storyboard */,
				296F9ECC1ECC64CE0063A255 /* Info.plist */,
				296F9EBB1ECC64CE0063A255 /* Supporting Files */,
			);
			path = MiAiApp;
			sourceTree = "<group>";
		};
		296F9EBB1ECC64CE0063A255 /* Supporting Files */ = {
			isa = PBXGroup;
			children = (
				296F9EBC1ECC64CE0063A255 /* main.m */,
			);
			name = "Supporting Files";
			sourceTree = "<group>";
		};
		296F9ED41ECC64CE0063A255 /* MiAiAppTests */ = {
			isa = PBXGroup;
			children = (
				296F9ED51ECC64CE0063A255 /* MiAiAppTests.m */,
				296F9ED71ECC64CE0063A255 /* Info.plist */,
			);
			path = MiAiAppTests;
			sourceTree = "<group>";
		};
		296F9EDF1ECC64CE0063A255 /* MiAiAppUITests */ = {
			isa = PBXGroup;
			children = (
				296F9EE01ECC64CE0063A255 /* MiAiAppUITests.m */,
				296F9EE21ECC64CE0063A255 /* Info.plist */,
			);
			path = MiAiAppUITests;
			sourceTree = "<group>";
		};
/* End PBXGroup section */

/* Begin PBXNativeTarget section */
		296F9EB71ECC64CE0063A255 /* MiAiApp */ = {
			isa = PBXNativeTarget;
			buildConfigurationList = 296F9EE51ECC64CE0063A255 /* Build configuration list for PBXNativeTarget "MiAiApp" */;
			buildPhases = (
				296F9EB41ECC64CE0063A255 /* Sources */,
				296F9EB51ECC64CE0063A255 /* Frameworks */,
				296F9EB61ECC64CE0063A255 /* Resources */,
			);
			buildRules = (
			);
			dependencies = (
			);
			name = MiAiApp;
			productName = MiAiApp;
			productReference = 296F9EB81ECC64CE0063A255 /* MiAiApp.app */;
			productType = "com.apple.product-type.application";
		};
		296F9ED01ECC64CE0063A255 /* MiAiAppTests */ = {
			isa = PBXNativeTarget;
			buildConfigurationList = 296F9EE81ECC64CE0063A255 /* Build configuration list for PBXNativeTarget "MiAiAppTests" */;
			buildPhases = (
				296F9ECD1ECC64CE0063A255 /* Sources */,
				296F9ECE1ECC64CE0063A255 /* Frameworks */,
				296F9ECF1ECC64CE0063A255 /* Resources */,
			);
			buildRules = (
			);
			dependencies = (
				296F9ED31ECC64CE0063A255 /* PBXTargetDependency */,
			);
			name = MiAiAppTests;
			productName = MiAiAppTests;
			productReference = 296F9ED11ECC64CE0063A255 /* MiAiAppTests.xctest */;
			productType = "com.apple.product-type.bundle.unit-test";
		};
		296F9EDB1ECC64CE0063A255 /* MiAiAppUITests */ = {
			isa = PBXNativeTarget;
			buildConfigurationList = 296F9EEB1ECC64CE0063A255 /* Build configuration list for PBXNativeTarget "MiAiAppUITests" */;
			buildPhases = (
				296F9ED81ECC64CE0063A255 /* Sources */,
				296F9ED91ECC64CE0063A255 /* Frameworks */,
				296F9EDA1ECC64CE0063A255 /* Resources */,
			);
			buildRules = (
			);
			dependencies = (
				296F9EDE1ECC64CE0063A255 /* PBXTargetDependency */,
			);
			name = MiAiAppUITests;
			productName = MiAiAppUITests;
			productReference = 296F9EDC1ECC64CE0063A255 /* MiAiAppUITests.xctest */;
			productType = "com.apple.product-type.bundle.ui-testing";
		};
/* End PBXNativeTarget section */

/* Begin PBXProject section */
		296F9EB01ECC64CE0063A255 /* Project object */ = {
			isa = PBXProject;
			attributes = {
				LastUpgradeCheck = 0830;
				ORGANIZATIONNAME = "徐阳";
				TargetAttributes = {
					296F9EB71ECC64CE0063A255 = {
						CreatedOnToolsVersion = 8.3.2;
						ProvisioningStyle = Automatic;
					};
					296F9ED01ECC64CE0063A255 = {
						CreatedOnToolsVersion = 8.3.2;
						ProvisioningStyle = Automatic;
						TestTargetID = 296F9EB71ECC64CE0063A255;
					};
					296F9EDB1ECC64CE0063A255 = {
						CreatedOnToolsVersion = 8.3.2;
						ProvisioningStyle = Automatic;
						TestTargetID = 296F9EB71ECC64CE0063A255;
					};
				};
			};
			buildConfigurationList = 296F9EB31ECC64CE0063A255 /* Build configuration list for PBXProject "MiAiApp" */;
			compatibilityVersion = "Xcode 3.2";
			developmentRegion = English;
			hasScannedForEncodings = 0;
			knownRegions = (
				en,
				Base,
			);
			mainGroup = 296F9EAF1ECC64CE0063A255;
			productRefGroup = 296F9EB91ECC64CE0063A255 /* Products */;
			projectDirPath = "";
			projectRoot = "";
			targets = (
				296F9EB71ECC64CE0063A255 /* MiAiApp */,
				296F9ED01ECC64CE0063A255 /* MiAiAppTests */,
				296F9EDB1ECC64CE0063A255 /* MiAiAppUITests */,
			);
		};
/* End PBXProject section */

/* Begin PBXResourcesBuildPhase section */
		296F9EB61ECC64CE0063A255 /* Resources */ = {
			isa = PBXResourcesBuildPhase;
			buildActionMask = 2147483647;
			files = (
				296F9ECB1ECC64CE0063A255 /* LaunchScreen.storyboard in Resources */,
				296F9EC81ECC64CE0063A255 /* Assets.xcassets in Resources */,
			);
			runOnlyForDeploymentPostprocessing = 0;
		};
		296F9ECF1ECC64CE0063A255 /* Resources */ = {
			isa = PBXResourcesBuildPhase;
			buildActionMask = 2147483647;
			files = (
			);
			runOnlyForDeploymentPostprocessing = 0;
		};
		296F9EDA1ECC64CE0063A255 /* Resources */ = {
			isa = PBXResourcesBuildPhase;
			buildActionMask = 2147483647;
			files = (
			);
			runOnlyForDeploymentPostprocessing = 0;
		};
/* End PBXResourcesBuildPhase section */

/* Begin PBXSourcesBuildPhase section */
		296F9EB41ECC64CE0063A255 /* Sources */ = {
			isa = PBXSourcesBuildPhase;
			buildActionMask = 2147483647;
			files = (
				296F9EC01ECC64CE0063A255 /* AppDelegate.m in Sources */,
				296F9EBD1ECC64CE0063A255 /* main.m in Sources */,
			);
			runOnlyForDeploymentPostprocessing = 0;
		};
		296F9ECD1ECC64CE0063A255 /* Sources */ = {
			isa = PBXSourcesBuildPhase;
			buildActionMask = 2147483647;
			files = (
				296F9ED61ECC64CE0063A255 /* MiAiAppTests.m in Sources */,
			);
			runOnlyForDeploymentPostprocessing = 0;
		};
		296F9ED81ECC64CE0063A255 /* Sources */ = {
			isa = PBXSourcesBuildPhase;
			buildActionMask = 2147483647;
			files = (
				296F9EE11ECC64CE0063A255 /* MiAiAppUITests.m in Sources */,
			);
			runOnlyForDeploymentPostprocessing = 0;
		};
/* End PBXSourcesBuildPhase section */

/* Begin PBXTargetDependency section */
		296F9ED31ECC64CE0063A255 /* PBXTargetDependency */ = {
			isa = PBXTargetDependency;
			target = 296F9EB71ECC64CE0063A255 /* MiAiApp */;
			targetProxy = 296F9ED21ECC64CE0063A255 /* PBXContainerItemProxy */;
		};
		296F9EDE1ECC64CE0063A255 /* PBXTargetDependency */ = {
			isa = PBXTargetDependency;
			target = 296F9EB71ECC64CE0063A255 /* MiAiApp */;
			targetProxy = 296F9EDD1ECC64CE0063A255 /* PBXContainerItemProxy */;
		};
/* End PBXTargetDependency section */

/* Begin PBXVariantGroup section */
		296F9EC91ECC64CE0063A255 /* LaunchScreen.storyboard */ = {
			isa = PBXVariantGroup;
			children = (
				296F9ECA1ECC64CE0063A255 /* Base */,
			);
			name = LaunchScreen.storyboard;
			sourceTree = "<group>";
		};
/* End PBXVariantGroup section */

/* Begin XCBuildConfiguration section */
		296F9EE31ECC64CE0063A255 /* Debug */ = {
			isa = XCBuildConfiguration;
			buildSettings = {
				ALWAYS_SEARCH_USER_PATHS = NO;
				CLANG_ANALYZER_NONNULL = YES;
				CLANG_ANALYZER_NUMBER_OBJECT_CONVERSION = YES_AGGRESSIVE;
				CLANG_CXX_LANGUAGE_STANDARD = "gnu++0x";
				CLANG_CXX_LIBRARY = "libc++";
				CLANG_ENABLE_MODULES = YES;
				CLANG_ENABLE_OBJC_ARC = YES;
				CLANG_WARN_BOOL_CONVERSION = YES;
				CLANG_WARN_CONSTANT_CONVERSION = YES;
				CLANG_WARN_DIRECT_OBJC_ISA_USAGE = YES_ERROR;
				CLANG_WARN_DOCUMENTATION_COMMENTS = YES;
				CLANG_WARN_EMPTY_BODY = YES;
				CLANG_WARN_ENUM_CONVERSION = YES;
				CLANG_WARN_INFINITE_RECURSION = YES;
				CLANG_WARN_INT_CONVERSION = YES;
				CLANG_WARN_OBJC_ROOT_CLASS = YES_ERROR;
				CLANG_WARN_SUSPICIOUS_MOVE = YES;
				CLANG_WARN_UNREACHABLE_CODE = YES;
				CLANG_WARN__DUPLICATE_METHOD_MATCH = YES;
				"CODE_SIGN_IDENTITY[sdk=iphoneos*]" = "iPhone Developer";
				COPY_PHASE_STRIP = NO;
				DEBUG_INFORMATION_FORMAT = dwarf;
				ENABLE_STRICT_OBJC_MSGSEND = YES;
				ENABLE_TESTABILITY = YES;
				GCC_C_LANGUAGE_STANDARD = gnu99;
				GCC_DYNAMIC_NO_PIC = NO;
				GCC_NO_COMMON_BLOCKS = YES;
				GCC_OPTIMIZATION_LEVEL = 0;
				GCC_PREPROCESSOR_DEFINITIONS = (
					"DEBUG=1",
					"$(inherited)",
				);
				GCC_WARN_64_TO_32_BIT_CONVERSION = YES;
				GCC_WARN_ABOUT_RETURN_TYPE = YES_ERROR;
				GCC_WARN_UNDECLARED_SELECTOR = YES;
				GCC_WARN_UNINITIALIZED_AUTOS = YES_AGGRESSIVE;
				GCC_WARN_UNUSED_FUNCTION = YES;
				GCC_WARN_UNUSED_VARIABLE = YES;
				IPHONEOS_DEPLOYMENT_TARGET = 10.3;
				MTL_ENABLE_DEBUG_INFO = YES;
				ONLY_ACTIVE_ARCH = YES;
				SDKROOT = iphoneos;
				TARGETED_DEVICE_FAMILY = "1,2";
			};
			name = Debug;
		};
		296F9EE41ECC64CE0063A255 /* Release */ = {
			isa = XCBuildConfiguration;
			buildSettings = {
				ALWAYS_SEARCH_USER_PATHS = NO;
				CLANG_ANALYZER_NONNULL = YES;
				CLANG_ANALYZER_NUMBER_OBJECT_CONVERSION = YES_AGGRESSIVE;
				CLANG_CXX_LANGUAGE_STANDARD = "gnu++0x";
				CLANG_CXX_LIBRARY = "libc++";
				CLANG_ENABLE_MODULES = YES;
				CLANG_ENABLE_OBJC_ARC = YES;
				CLANG_WARN_BOOL_CONVERSION = YES;
				CLANG_WARN_CONSTANT_CONVERSION = YES;
				CLANG_WARN_DIRECT_OBJC_ISA_USAGE = YES_ERROR;
				CLANG_WARN_DOCUMENTATION_COMMENTS = YES;
				CLANG_WARN_EMPTY_BODY = YES;
				CLANG_WARN_ENUM_CONVERSION = YES;
				CLANG_WARN_INFINITE_RECURSION = YES;
				CLANG_WARN_INT_CONVERSION = YES;
				CLANG_WARN_OBJC_ROOT_CLASS = YES_ERROR;
				CLANG_WARN_SUSPICIOUS_MOVE = YES;
				CLANG_WARN_UNREACHABLE_CODE = YES;
				CLANG_WARN__DUPLICATE_METHOD_MATCH = YES;
				"CODE_SIGN_IDENTITY[sdk=iphoneos*]" = "iPhone Developer";
				COPY_PHASE_STRIP = NO;
				DEBUG_INFORMATION_FORMAT = "dwarf-with-dsym";
				ENABLE_NS_ASSERTIONS = NO;
				ENABLE_STRICT_OBJC_MSGSEND = YES;
				GCC_C_LANGUAGE_STANDARD = gnu99;
				GCC_NO_COMMON_BLOCKS = YES;
				GCC_WARN_64_TO_32_BIT_CONVERSION = YES;
				GCC_WARN_ABOUT_RETURN_TYPE = YES_ERROR;
				GCC_WARN_UNDECLARED_SELECTOR = YES;
				GCC_WARN_UNINITIALIZED_AUTOS = YES_AGGRESSIVE;
				GCC_WARN_UNUSED_FUNCTION = YES;
				GCC_WARN_UNUSED_VARIABLE = YES;
				IPHONEOS_DEPLOYMENT_TARGET = 10.3;
				MTL_ENABLE_DEBUG_INFO = NO;
				SDKROOT = iphoneos;
				TARGETED_DEVICE_FAMILY = "1,2";
				VALIDATE_PRODUCT = YES;
			};
			name = Release;
		};
		296F9EE61ECC64CE0063A255 /* Debug */ = {
			isa = XCBuildConfiguration;
			buildSettings = {
				ASSETCATALOG_COMPILER_APPICON_NAME = AppIcon;
				ENABLE_BITCODE = NO;
				INFOPLIST_FILE = MiAiApp/Info.plist;
				IPHONEOS_DEPLOYMENT_TARGET = 8.1;
				LD_RUNPATH_SEARCH_PATHS = "$(inherited) @executable_path/Frameworks";
				PRODUCT_BUNDLE_IDENTIFIER = com.MiAiApp;
				PRODUCT_NAME = "$(TARGET_NAME)";
				TARGETED_DEVICE_FAMILY = 1;
			};
			name = Debug;
		};
		296F9EE71ECC64CE0063A255 /* Release */ = {
			isa = XCBuildConfiguration;
			buildSettings = {
				ASSETCATALOG_COMPILER_APPICON_NAME = AppIcon;
				ENABLE_BITCODE = NO;
				INFOPLIST_FILE = MiAiApp/Info.plist;
				IPHONEOS_DEPLOYMENT_TARGET = 8.1;
				LD_RUNPATH_SEARCH_PATHS = "$(inherited) @executable_path/Frameworks";
				PRODUCT_BUNDLE_IDENTIFIER = com.MiAiApp;
				PRODUCT_NAME = "$(TARGET_NAME)";
				TARGETED_DEVICE_FAMILY = 1;
			};
			name = Release;
		};
		296F9EE91ECC64CE0063A255 /* Debug */ = {
			isa = XCBuildConfiguration;
			buildSettings = {
				BUNDLE_LOADER = "$(TEST_HOST)";
				INFOPLIST_FILE = MiAiAppTests/Info.plist;
				LD_RUNPATH_SEARCH_PATHS = "$(inherited) @executable_path/Frameworks @loader_path/Frameworks";
				PRODUCT_BUNDLE_IDENTIFIER = com.MiAiAppTests;
				PRODUCT_NAME = "$(TARGET_NAME)";
				TEST_HOST = "$(BUILT_PRODUCTS_DIR)/MiAiApp.app/MiAiApp";
			};
			name = Debug;
		};
		296F9EEA1ECC64CE0063A255 /* Release */ = {
			isa = XCBuildConfiguration;
			buildSettings = {
				BUNDLE_LOADER = "$(TEST_HOST)";
				INFOPLIST_FILE = MiAiAppTests/Info.plist;
				LD_RUNPATH_SEARCH_PATHS = "$(inherited) @executable_path/Frameworks @loader_path/Frameworks";
				PRODUCT_BUNDLE_IDENTIFIER = com.MiAiAppTests;
				PRODUCT_NAME = "$(TARGET_NAME)";
				TEST_HOST = "$(BUILT_PRODUCTS_DIR)/MiAiApp.app/MiAiApp";
			};
			name = Release;
		};
		296F9EEC1ECC64CE0063A255 /* Debug */ = {
			isa = XCBuildConfiguration;
			buildSettings = {
				INFOPLIST_FILE = MiAiAppUITests/Info.plist;
				LD_RUNPATH_SEARCH_PATHS = "$(inherited) @executable_path/Frameworks @loader_path/Frameworks";
				PRODUCT_BUNDLE_IDENTIFIER = com.MiAiAppUITests;
				PRODUCT_NAME = "$(TARGET_NAME)";
				TEST_TARGET_NAME = MiAiApp;
			};
			name = Debug;
		};
		296F9EED1ECC64CE0063A255 /* Release */ = {
			isa = XCBuildConfiguration;
			buildSettings = {
				INFOPLIST_FILE = MiAiAppUITests/Info.plist;
				LD_RUNPATH_SEARCH_PATHS = "$(inherited) @executable_path/Frameworks @loader_path/Frameworks";
				PRODUCT_BUNDLE_IDENTIFIER = com.MiAiAppUITests;
				PRODUCT_NAME = "$(TARGET_NAME)";
				TEST_TARGET_NAME = MiAiApp;
			};
			name = Release;
		};
/* End XCBuildConfiguration section */

/* Begin XCConfigurationList section */
		296F9EB31ECC64CE0063A255 /* Build configuration list for PBXProject "MiAiApp" */ = {
			isa = XCConfigurationList;
			buildConfigurations = (
				296F9EE31ECC64CE0063A255 /* Debug */,
				296F9EE41ECC64CE0063A255 /* Release */,
			);
			defaultConfigurationIsVisible = 0;
			defaultConfigurationName = Release;
		};
		296F9EE51ECC64CE0063A255 /* Build configuration list for PBXNativeTarget "MiAiApp" */ = {
			isa = XCConfigurationList;
			buildConfigurations = (
				296F9EE61ECC64CE0063A255 /* Debug */,
				296F9EE71ECC64CE0063A255 /* Release */,
			);
			defaultConfigurationIsVisible = 0;
		};
		296F9EE81ECC64CE0063A255 /* Build configuration list for PBXNativeTarget "MiAiAppTests" */ = {
			isa = XCConfigurationList;
			buildConfigurations = (
				296F9EE91ECC64CE0063A255 /* Debug */,
				296F9EEA1ECC64CE0063A255 /* Release */,
			);
			defaultConfigurationIsVisible = 0;
		};
		296F9EEB1ECC64CE0063A255 /* Build configuration list for PBXNativeTarget "MiAiAppUITests" */ = {
			isa = XCConfigurationList;
			buildConfigurations = (
				296F9EEC1ECC64CE0063A255 /* Debug */,
				296F9EED1ECC64CE0063A255 /* Release */,
			);
			defaultConfigurationIsVisible = 0;
		};
/* End XCConfigurationList section */
	};
	rootObject = 296F9EB01ECC64CE0063A255 /* Project object */;
}
